Microsoft Visual Studio Solution File, Format Version 12.00
# Visual Studio 2013
Project("{8BC9CEB8-8B4A-11D0-8D11-00A0C91BC942}") = "ALL_BUILD", "ALL_BUILD.vcxproj", "{7EA5CED1-DB95-3DD1-897E-4DBB0B3CADD0}"
	ProjectSection(ProjectDependencies) = postProject
		{DC4E0BE1-9B91-3BAB-8F3A-901D95E3F741} = {DC4E0BE1-9B91-3BAB-8F3A-901D95E3F741}
		{14F3AA36-5797-3682-8056-2225DA2FAC82} = {14F3AA36-5797-3682-8056-2225DA2FAC82}
	EndProjectSection
EndProject
Project("{8BC9CEB8-8B4A-11D0-8D11-00A0C91BC942}") = "ZERO_CHECK", "ZERO_CHECK.vcxproj", "{DC4E0BE1-9B91-3BAB-8F3A-901D95E3F741}"
	ProjectSection(ProjectDependencies) = postProject
	EndProjectSection
EndProject
Project("{8BC9CEB8-8B4A-11D0-8D11-00A0C91BC942}") = "ZegoAudioLive", "ZegoAudioLive\ZegoAudioLive.vcxproj", "{14F3AA36-5797-3682-8056-2225DA2FAC82}"
	ProjectSection(ProjectDependencies) = postProject
		{DC4E0BE1-9B91-3BAB-8F3A-901D95E3F741} = {DC4E0BE1-9B91-3BAB-8F3A-901D95E3F741}
	EndProjectSection
EndProject
Global
	GlobalSection(SolutionConfigurationPlatforms) = preSolution
		Debug|x64 = Debug|x64
		Release|x64 = Release|x64
	EndGlobalSection
	GlobalSection(ProjectConfigurationPlatforms) = postSolution
		{7EA5CED1-DB95-3DD1-897E-4DBB0B3CADD0}.Debug|x64.ActiveCfg = Debug|x64
		{7EA5CED1-DB95-3DD1-897E-4DBB0B3CADD0}.Release|x64.ActiveCfg = Release|x64
		{DC4E0BE1-9B91-3BAB-8F3A-901D95E3F741}.Debug|x64.ActiveCfg = Debug|x64
		{DC4E0BE1-9B91-3BAB-8F3A-901D95E3F741}.Debug|x64.Build.0 = Debug|x64
		{DC4E0BE1-9B91-3BAB-8F3A-901D95E3F741}.Release|x64.ActiveCfg = Release|x64
		{DC4E0BE1-9B91-3BAB-8F3A-901D95E3F741}.Release|x64.Build.0 = Release|x64
		{14F3AA36-5797-3682-8056-2225DA2FAC82}.Debug|x64.ActiveCfg = Debug|x64
		{14F3AA36-5797-3682-8056-2225DA2FAC82}.Debug|x64.Build.0 = Debug|x64
		{14F3AA36-5797-3682-8056-2225DA2FAC82}.Release|x64.ActiveCfg = Release|x64
		{14F3AA36-5797-3682-8056-2225DA2FAC82}.Release|x64.Build.0 = Release|x64
	EndGlobalSection
	GlobalSection(ExtensibilityGlobals) = postSolution
		SolutionGuid = {0213F755-2276-319D-9BE8-E8946246EE6D}
	EndGlobalSection
	GlobalSection(ExtensibilityAddIns) = postSolution
	EndGlobalSection
EndGlobal
