<?xml version="1.0" encoding="utf-8"?>
<Project ToolsVersion="12.0" xmlns="http://schemas.microsoft.com/developer/msbuild/2003">
  <ItemGroup>
    <CustomBuild Include="D:\Zegolivedemo\projects\QT\AudioRoomDemo\build-win\cmake_temp\CMakeFiles\3ec5720c4b65a93c845e423e23c6ae16\generate.stamp.rule">
      <Filter>CMake Rules</Filter>
    </CustomBuild>
  </ItemGroup>
  <ItemGroup>
    <Filter Include="CMake Rules">
      <UniqueIdentifier>{94BBD2AF-B245-3E7C-AD93-32644BD3C9EC}</UniqueIdentifier>
    </Filter>
  </ItemGroup>
</Project>
