<?xml version="1.0" encoding="utf-8"?>
<Project ToolsVersion="12.0" xmlns="http://schemas.microsoft.com/developer/msbuild/2003">
  <ItemGroup>
    <ClCompile Include="D:\Zegolivedemo\projects\QT\AudioRoomDemo\ZegoAudioLive\Base\ZegoBase.cpp">
      <Filter>Base</Filter>
    </ClCompile>
    <ClCompile Include="D:\Zegolivedemo\projects\QT\AudioRoomDemo\ZegoAudioLive\Base\ZegoDialog.cpp">
      <Filter>Base</Filter>
    </ClCompile>
    <ClCompile Include="D:\Zegolivedemo\projects\QT\AudioRoomDemo\ZegoAudioLive\Config\ZegoUserConfig.cpp">
      <Filter>Config</Filter>
    </ClCompile>
    <ClCompile Include="D:\Zegolivedemo\projects\QT\AudioRoomDemo\ZegoAudioLive\Delegate\NoFocusFrameDelegate.cpp">
      <Filter>Delegate</Filter>
    </ClCompile>
    <ClCompile Include="D:\Zegolivedemo\projects\QT\AudioRoomDemo\ZegoAudioLive\Device\ZegoDeviceManager.cpp">
      <Filter>Device</Filter>
    </ClCompile>
    <ClCompile Include="D:\Zegolivedemo\projects\QT\AudioRoomDemo\ZegoAudioLive\Dialog\ZegoAudioLiveDialog.cpp">
      <Filter>Dialog</Filter>
    </ClCompile>
    <ClCompile Include="D:\Zegolivedemo\projects\QT\AudioRoomDemo\ZegoAudioLive\Dialog\ZegoMainDialog.cpp">
      <Filter>Dialog</Filter>
    </ClCompile>
    <ClCompile Include="D:\Zegolivedemo\projects\QT\AudioRoomDemo\ZegoAudioLive\Dialog\ZegoSettingsDialog.cpp">
      <Filter>Dialog</Filter>
    </ClCompile>
    <ClCompile Include="D:\Zegolivedemo\projects\QT\AudioRoomDemo\ZegoAudioLive\Model\ZegoRoomModel.cpp">
      <Filter>Model</Filter>
    </ClCompile>
    <ClCompile Include="D:\Zegolivedemo\projects\QT\AudioRoomDemo\ZegoAudioLive\Model\ZegoSettingsModel.cpp">
      <Filter>Model</Filter>
    </ClCompile>
    <ClCompile Include="D:\Zegolivedemo\projects\QT\AudioRoomDemo\ZegoAudioLive\Model\ZegoStreamModel.cpp">
      <Filter>Model</Filter>
    </ClCompile>
    <ClCompile Include="D:\Zegolivedemo\projects\QT\AudioRoomDemo\ZegoAudioLive\Signal\ZegoSDKSignal.cpp">
      <Filter>Signal</Filter>
    </ClCompile>
    <ClCompile Include="D:\Zegolivedemo\projects\QT\AudioRoomDemo\ZegoAudioLive\UI\CursorPosCalculator.cpp">
      <Filter>UI</Filter>
    </ClCompile>
    <ClCompile Include="D:\Zegolivedemo\projects\QT\AudioRoomDemo\ZegoAudioLive\UI\WidgetData.cpp">
      <Filter>UI</Filter>
    </ClCompile>
    <ClCompile Include="D:\Zegolivedemo\projects\QT\AudioRoomDemo\ZegoAudioLive\UI\ZegoAudioView.cpp">
      <Filter>UI</Filter>
    </ClCompile>
    <ClCompile Include="D:\Zegolivedemo\projects\QT\AudioRoomDemo\ZegoAudioLive\UI\ZegoComboBox.cpp">
      <Filter>UI</Filter>
    </ClCompile>
    <ClCompile Include="D:\Zegolivedemo\projects\QT\AudioRoomDemo\ZegoAudioLive\UI\ZegoImageButton.cpp">
      <Filter>UI</Filter>
    </ClCompile>
    <ClCompile Include="D:\Zegolivedemo\projects\QT\AudioRoomDemo\ZegoAudioLive\UI\ZegoLabel.cpp">
      <Filter>UI</Filter>
    </ClCompile>
    <ClCompile Include="D:\Zegolivedemo\projects\QT\AudioRoomDemo\ZegoAudioLive\UI\ZegoLogLabel.cpp">
      <Filter>UI</Filter>
    </ClCompile>
    <ClCompile Include="D:\Zegolivedemo\projects\QT\AudioRoomDemo\ZegoAudioLive\UI\ZegoMicrophoneButton.cpp">
      <Filter>UI</Filter>
    </ClCompile>
    <ClCompile Include="D:\Zegolivedemo\projects\QT\AudioRoomDemo\ZegoAudioLive\UI\ZegoMircophone.cpp">
      <Filter>UI</Filter>
    </ClCompile>
    <ClCompile Include="D:\Zegolivedemo\projects\QT\AudioRoomDemo\ZegoAudioLive\UI\ZegoProgressIndicator.cpp">
      <Filter>UI</Filter>
    </ClCompile>
    <ClCompile Include="D:\Zegolivedemo\projects\QT\AudioRoomDemo\ZegoAudioLive\UI\ZegoSlider.cpp">
      <Filter>UI</Filter>
    </ClCompile>
    <ClCompile Include="D:\Zegolivedemo\projects\QT\AudioRoomDemo\ZegoAudioLive\UI\ZegoStateButton.cpp">
      <Filter>UI</Filter>
    </ClCompile>
    <ClCompile Include="D:\Zegolivedemo\projects\QT\AudioRoomDemo\ZegoAudioLive\UI\ZegoSwitchButton.cpp">
      <Filter>UI</Filter>
    </ClCompile>
    <ClCompile Include="D:\Zegolivedemo\projects\QT\AudioRoomDemo\ZegoAudioLive\UI\ZegoTextButton.cpp">
      <Filter>UI</Filter>
    </ClCompile>
    <ClCompile Include="D:\Zegolivedemo\projects\QT\AudioRoomDemo\ZegoAudioLive\UI\frameless_helper.cpp">
      <Filter>UI</Filter>
    </ClCompile>
    <ClCompile Include="D:\Zegolivedemo\projects\QT\AudioRoomDemo\ZegoAudioLive\ZegoAudioDemo.cpp">
      <Filter>Source Files</Filter>
    </ClCompile>
    <ClCompile Include="D:\Zegolivedemo\projects\QT\AudioRoomDemo\ZegoAudioLive\main.cpp">
      <Filter>Source Files</Filter>
    </ClCompile>
    <ClCompile Include="D:\Zegolivedemo\projects\QT\AudioRoomDemo\build-win\cmake_temp\ZegoAudioLive\qrc_ZegoMainDialog.cpp">
      <Filter>Source Files</Filter>
    </ClCompile>
    <ClCompile Include="D:\Zegolivedemo\projects\QT\AudioRoomDemo\build-win\cmake_temp\ZegoAudioLive\qrc_style.cpp">
      <Filter>Source Files</Filter>
    </ClCompile>
    <ClCompile Include="D:\Zegolivedemo\projects\QT\AudioRoomDemo\build-win\cmake_temp\ZegoAudioLive\ZegoAudioLive_autogen\mocs_compilation.cpp">
      <Filter>Source Files</Filter>
    </ClCompile>
  </ItemGroup>
  <ItemGroup>
    <ClInclude Include="D:\Zegolivedemo\projects\QT\AudioRoomDemo\ZegoAudioLive\Base\IncludeZegoAudioRoomApi.h">
      <Filter>Base</Filter>
    </ClInclude>
    <ClInclude Include="D:\Zegolivedemo\projects\QT\AudioRoomDemo\ZegoAudioLive\Base\ZegoAudioLiveDefines.h">
      <Filter>Base</Filter>
    </ClInclude>
    <ClInclude Include="D:\Zegolivedemo\projects\QT\AudioRoomDemo\ZegoAudioLive\Base\ZegoAudioLiveVersion.h">
      <Filter>Base</Filter>
    </ClInclude>
    <ClInclude Include="D:\Zegolivedemo\projects\QT\AudioRoomDemo\ZegoAudioLive\Base\ZegoBase.h">
      <Filter>Base</Filter>
    </ClInclude>
    <ClInclude Include="D:\Zegolivedemo\projects\QT\AudioRoomDemo\ZegoAudioLive\Base\ZegoDialog.h">
      <Filter>Base</Filter>
    </ClInclude>
    <ClInclude Include="D:\Zegolivedemo\projects\QT\AudioRoomDemo\ZegoAudioLive\Config\ZegoUserConfig.h">
      <Filter>Config</Filter>
    </ClInclude>
    <ClInclude Include="D:\Zegolivedemo\projects\QT\AudioRoomDemo\ZegoAudioLive\Delegate\NoFocusFrameDelegate.h">
      <Filter>Delegate</Filter>
    </ClInclude>
    <ClInclude Include="D:\Zegolivedemo\projects\QT\AudioRoomDemo\ZegoAudioLive\Device\ZegoDeviceManager.h">
      <Filter>Device</Filter>
    </ClInclude>
    <ClInclude Include="D:\Zegolivedemo\projects\QT\AudioRoomDemo\ZegoAudioLive\Dialog\ZegoAudioLiveDialog.h">
      <Filter>Dialog</Filter>
    </ClInclude>
    <ClInclude Include="D:\Zegolivedemo\projects\QT\AudioRoomDemo\ZegoAudioLive\Dialog\ZegoMainDialog.h">
      <Filter>Dialog</Filter>
    </ClInclude>
    <ClInclude Include="D:\Zegolivedemo\projects\QT\AudioRoomDemo\ZegoAudioLive\Dialog\ZegoSettingsDialog.h">
      <Filter>Dialog</Filter>
    </ClInclude>
    <ClInclude Include="D:\Zegolivedemo\projects\QT\AudioRoomDemo\ZegoAudioLive\Model\ZegoRoomModel.h">
      <Filter>Model</Filter>
    </ClInclude>
    <ClInclude Include="D:\Zegolivedemo\projects\QT\AudioRoomDemo\ZegoAudioLive\Model\ZegoSettingsModel.h">
      <Filter>Model</Filter>
    </ClInclude>
    <ClInclude Include="D:\Zegolivedemo\projects\QT\AudioRoomDemo\ZegoAudioLive\Model\ZegoStreamModel.h">
      <Filter>Model</Filter>
    </ClInclude>
    <ClInclude Include="D:\Zegolivedemo\projects\QT\AudioRoomDemo\ZegoAudioLive\Signal\ZegoSDKSignal.h">
      <Filter>Signal</Filter>
    </ClInclude>
    <ClInclude Include="D:\Zegolivedemo\projects\QT\AudioRoomDemo\ZegoAudioLive\UI\CursorPosCalculator.h">
      <Filter>UI</Filter>
    </ClInclude>
    <ClInclude Include="D:\Zegolivedemo\projects\QT\AudioRoomDemo\ZegoAudioLive\UI\FramelessHelperPrivate.h">
      <Filter>UI</Filter>
    </ClInclude>
    <ClInclude Include="D:\Zegolivedemo\projects\QT\AudioRoomDemo\ZegoAudioLive\UI\WidgetData.h">
      <Filter>UI</Filter>
    </ClInclude>
    <ClInclude Include="D:\Zegolivedemo\projects\QT\AudioRoomDemo\ZegoAudioLive\UI\ZegoAudioView.h">
      <Filter>UI</Filter>
    </ClInclude>
    <ClInclude Include="D:\Zegolivedemo\projects\QT\AudioRoomDemo\ZegoAudioLive\UI\ZegoComboBox.h">
      <Filter>UI</Filter>
    </ClInclude>
    <ClInclude Include="D:\Zegolivedemo\projects\QT\AudioRoomDemo\ZegoAudioLive\UI\ZegoImageButton.h">
      <Filter>UI</Filter>
    </ClInclude>
    <ClInclude Include="D:\Zegolivedemo\projects\QT\AudioRoomDemo\ZegoAudioLive\UI\ZegoLabel.h">
      <Filter>UI</Filter>
    </ClInclude>
    <ClInclude Include="D:\Zegolivedemo\projects\QT\AudioRoomDemo\ZegoAudioLive\UI\ZegoLogLabel.h">
      <Filter>UI</Filter>
    </ClInclude>
    <ClInclude Include="D:\Zegolivedemo\projects\QT\AudioRoomDemo\ZegoAudioLive\UI\ZegoMicrophoneButton.h">
      <Filter>UI</Filter>
    </ClInclude>
    <ClInclude Include="D:\Zegolivedemo\projects\QT\AudioRoomDemo\ZegoAudioLive\UI\ZegoMircophone.h">
      <Filter>UI</Filter>
    </ClInclude>
    <ClInclude Include="D:\Zegolivedemo\projects\QT\AudioRoomDemo\ZegoAudioLive\UI\ZegoProgressIndicator.h">
      <Filter>UI</Filter>
    </ClInclude>
    <ClInclude Include="D:\Zegolivedemo\projects\QT\AudioRoomDemo\ZegoAudioLive\UI\ZegoSlider.h">
      <Filter>UI</Filter>
    </ClInclude>
    <ClInclude Include="D:\Zegolivedemo\projects\QT\AudioRoomDemo\ZegoAudioLive\UI\ZegoStateButton.h">
      <Filter>UI</Filter>
    </ClInclude>
    <ClInclude Include="D:\Zegolivedemo\projects\QT\AudioRoomDemo\ZegoAudioLive\UI\ZegoSwitchButton.h">
      <Filter>UI</Filter>
    </ClInclude>
    <ClInclude Include="D:\Zegolivedemo\projects\QT\AudioRoomDemo\ZegoAudioLive\UI\ZegoTextButton.h">
      <Filter>UI</Filter>
    </ClInclude>
    <ClInclude Include="D:\Zegolivedemo\projects\QT\AudioRoomDemo\ZegoAudioLive\UI\frameless_helper.h">
      <Filter>UI</Filter>
    </ClInclude>
    <ClInclude Include="D:\Zegolivedemo\projects\QT\AudioRoomDemo\ZegoAudioLive\ZegoAudioDemo.h">
      <Filter>Header Files</Filter>
    </ClInclude>
    <ClInclude Include="D:\Zegolivedemo\projects\QT\AudioRoomDemo\ZegoAudioLive\zego_sdk_protocol.h">
      <Filter>Header Files</Filter>
    </ClInclude>
    <ClInclude Include="D:\Zegolivedemo\projects\QT\AudioRoomDemo\build-win\cmake_temp\ZegoAudioLive\ui_ZegoAudioLiveDialog.h">
      <Filter>Header Files</Filter>
    </ClInclude>
    <ClInclude Include="D:\Zegolivedemo\projects\QT\AudioRoomDemo\build-win\cmake_temp\ZegoAudioLive\ui_ZegoMainDialog.h">
      <Filter>Header Files</Filter>
    </ClInclude>
    <ClInclude Include="D:\Zegolivedemo\projects\QT\AudioRoomDemo\build-win\cmake_temp\ZegoAudioLive\ui_ZegoSettingsDialog.h">
      <Filter>Header Files</Filter>
    </ClInclude>
  </ItemGroup>
  <ItemGroup>
    <CustomBuild Include="D:\Zegolivedemo\projects\QT\AudioRoomDemo\ZegoAudioLive\ZegoAudioLiveDialog.ui" />
    <CustomBuild Include="D:\Zegolivedemo\projects\QT\AudioRoomDemo\ZegoAudioLive\ZegoMainDialog.ui" />
    <CustomBuild Include="D:\Zegolivedemo\projects\QT\AudioRoomDemo\ZegoAudioLive\ZegoSettingsDialog.ui" />
    <CustomBuild Include="D:\Zegolivedemo\projects\QT\AudioRoomDemo\ZegoAudioLive\ZegoMainDialog.qrc" />
    <CustomBuild Include="D:\Zegolivedemo\projects\QT\AudioRoomDemo\ZegoAudioLive\style.qrc" />
    <CustomBuild Include="D:\Zegolivedemo\projects\QT\AudioRoomDemo\ZegoAudioLive\CMakeLists.txt" />
  </ItemGroup>
  <ItemGroup>
    <ResourceCompile Include="D:\Zegolivedemo\projects\QT\AudioRoomDemo\ZegoAudioLive\Resources\res.rc">
      <Filter>Source Files</Filter>
    </ResourceCompile>
  </ItemGroup>
  <ItemGroup>
    <Filter Include="Base">
      <UniqueIdentifier>{1B2DECD5-D56B-3D92-916A-B88C318E4074}</UniqueIdentifier>
    </Filter>
    <Filter Include="Config">
      <UniqueIdentifier>{7E9D7111-33CF-3940-A85B-02217E603E18}</UniqueIdentifier>
    </Filter>
    <Filter Include="Delegate">
      <UniqueIdentifier>{24E82966-475F-34D1-9979-B32D136B27E8}</UniqueIdentifier>
    </Filter>
    <Filter Include="Device">
      <UniqueIdentifier>{3ADD2FD1-6562-3481-B98C-72BF5FA3A1DA}</UniqueIdentifier>
    </Filter>
    <Filter Include="Dialog">
      <UniqueIdentifier>{6CCC43A9-B4BE-3EBC-BBD6-E3EB45AB0089}</UniqueIdentifier>
    </Filter>
    <Filter Include="Header Files">
      <UniqueIdentifier>{358B325E-704B-3CF1-872C-EF5F1155CC12}</UniqueIdentifier>
    </Filter>
    <Filter Include="Model">
      <UniqueIdentifier>{BC7D05FE-8659-3400-96C2-6CAC81177077}</UniqueIdentifier>
    </Filter>
    <Filter Include="Signal">
      <UniqueIdentifier>{EE21AEA9-F2B0-35D5-BCA4-CAE1188960CD}</UniqueIdentifier>
    </Filter>
    <Filter Include="Source Files">
      <UniqueIdentifier>{F82D953B-FFCB-3E49-B5FB-53CB95DD32C0}</UniqueIdentifier>
    </Filter>
    <Filter Include="UI">
      <UniqueIdentifier>{42420C87-414B-31A9-9A29-F4A97AF2A8E8}</UniqueIdentifier>
    </Filter>
  </ItemGroup>
</Project>
